
Microsoft Visual Studio Solution File, Format Version 12.00
# Visual Studio Version 16
VisualStudioVersion = 16.0.29418.71
MinimumVisualStudioVersion = 10.0.40219.1
Project("{9A19103F-16F7-4668-BE54-9A1E7A4F7556}") = "ColorSharp", "ColorSharp\ColorSharp.csproj", "{960524F3-F375-4CDE-A82A-609CC32048E4}"
EndProject
Project("{FAE04EC0-301F-11D3-BF4B-00C04F79EFBC}") = "ColorSharpTests", "ColorSharpTests\ColorSharpTests.csproj", "{1EC57B2E-C96F-411B-A238-B8E490634009}"
EndProject
Global
	GlobalSection(SolutionConfigurationPlatforms) = preSolution
		Debug|Any CPU = Debug|Any CPU
		Release_x86_64|Any CPU = Release_x86_64|Any CPU
		Release|Any CPU = Release|Any CPU
	EndGlobalSection
	GlobalSection(ProjectConfigurationPlatforms) = postSolution
		{960524F3-F375-4CDE-A82A-609CC32048E4}.Debug|Any CPU.ActiveCfg = Debug|Any CPU
		{960524F3-F375-4CDE-A82A-609CC32048E4}.Debug|Any CPU.Build.0 = Debug|Any CPU
		{960524F3-F375-4CDE-A82A-609CC32048E4}.Release_x86_64|Any CPU.ActiveCfg = Release|Any CPU
		{960524F3-F375-4CDE-A82A-609CC32048E4}.Release_x86_64|Any CPU.Build.0 = Release|Any CPU
		{960524F3-F375-4CDE-A82A-609CC32048E4}.Release|Any CPU.ActiveCfg = Release|Any CPU
		{960524F3-F375-4CDE-A82A-609CC32048E4}.Release|Any CPU.Build.0 = Release|Any CPU
		{1EC57B2E-C96F-411B-A238-B8E490634009}.Debug|Any CPU.ActiveCfg = Debug|Any CPU
		{1EC57B2E-C96F-411B-A238-B8E490634009}.Debug|Any CPU.Build.0 = Debug|Any CPU
		{1EC57B2E-C96F-411B-A238-B8E490634009}.Release_x86_64|Any CPU.ActiveCfg = Release|Any CPU
		{1EC57B2E-C96F-411B-A238-B8E490634009}.Release_x86_64|Any CPU.Build.0 = Release|Any CPU
		{1EC57B2E-C96F-411B-A238-B8E490634009}.Release|Any CPU.ActiveCfg = Release|Any CPU
		{1EC57B2E-C96F-411B-A238-B8E490634009}.Release|Any CPU.Build.0 = Release|Any CPU
	EndGlobalSection
	GlobalSection(SolutionProperties) = preSolution
		HideSolutionNode = FALSE
	EndGlobalSection
	GlobalSection(ExtensibilityGlobals) = postSolution
		SolutionGuid = {772A88B2-3CC7-41C5-B019-FC41D5174A5C}
	EndGlobalSection
	GlobalSection(MonoDevelopProperties) = preSolution
		Policies = $0
		$0.DotNetNamingPolicy = $1
		$1.DirectoryNamespaceAssociation = None
		$1.ResourceNamePolicy = FileFormatDefault
		$0.VersionControlPolicy = $2
		$2.inheritsSet = Mono
		description = A .Net/Mono library to handle color spaces (and light spectrums!)
		version = 0.11.0
	EndGlobalSection
EndGlobal
