
Microsoft Visual Studio Solution File, Format Version 12.00
# Visual Studio 2012
Project("{FAE04EC0-301F-11D3-BF4B-00C04F79EFBC}") = "ColorSharp", "ColorSharp\ColorSharp.csproj", "{960524F3-F375-4CDE-A82A-609CC32048E4}"
EndProject
Project("{FAE04EC0-301F-11D3-BF4B-00C04F79EFBC}") = "ColorSharpTests", "ColorSharpTests\ColorSharpTests.csproj", "{1EC57B2E-C96F-411B-A238-B8E490634009}"
EndProject
Global
	GlobalSection(SolutionConfigurationPlatforms) = preSolution
		Debug|Any CPU = Debug|Any CPU
		Release|Any CPU = Release|Any CPU
		Release_x86_64|Any CPU = Release_x86_64|Any CPU
	EndGlobalSection
	GlobalSection(ProjectConfigurationPlatforms) = postSolution
		{1EC57B2E-C96F-411B-A238-B8E490634009}.Debug|Any CPU.ActiveCfg = Debug|Any CPU
		{1EC57B2E-C96F-411B-A238-B8E490634009}.Debug|Any CPU.Build.0 = Debug|Any CPU
		{1EC57B2E-C96F-411B-A238-B8E490634009}.Release_x86_64|Any CPU.ActiveCfg = Release|Any CPU
		{1EC57B2E-C96F-411B-A238-B8E490634009}.Release_x86_64|Any CPU.Build.0 = Release|Any CPU
		{1EC57B2E-C96F-411B-A238-B8E490634009}.Release|Any CPU.ActiveCfg = Release|Any CPU
		{1EC57B2E-C96F-411B-A238-B8E490634009}.Release|Any CPU.Build.0 = Release|Any CPU
		{960524F3-F375-4CDE-A82A-609CC32048E4}.Debug|Any CPU.ActiveCfg = Debug|Any CPU
		{960524F3-F375-4CDE-A82A-609CC32048E4}.Debug|Any CPU.Build.0 = Debug|Any CPU
		{960524F3-F375-4CDE-A82A-609CC32048E4}.Release_x86_64|Any CPU.ActiveCfg = Release_x86_64|Any CPU
		{960524F3-F375-4CDE-A82A-609CC32048E4}.Release_x86_64|Any CPU.Build.0 = Release_x86_64|Any CPU
		{960524F3-F375-4CDE-A82A-609CC32048E4}.Release|Any CPU.ActiveCfg = Release|Any CPU
		{960524F3-F375-4CDE-A82A-609CC32048E4}.Release|Any CPU.Build.0 = Release|Any CPU
	EndGlobalSection
	GlobalSection(MonoDevelopProperties) = preSolution
		StartupItem = ColorSharp\ColorSharp.csproj
		Policies = $0
		$0.DotNetNamingPolicy = $1
		$1.DirectoryNamespaceAssociation = None
		$1.ResourceNamePolicy = FileFormatDefault
		$0.VersionControlPolicy = $2
		$2.inheritsSet = Mono
		description = A .Net/Mono library to handle color spaces (and light spectrums!)
		version = 0.9.0
	EndGlobalSection
EndGlobal
